// !$*UTF8*$!
{
	archiveVersion = 1;
	classes = {
	};
	objectVersion = 51;
	objects = {

/* Begin PBXBuildFile section */
		0E466BCE24E6407F00DC3BFC /* ArticleListTableViewCell.swift in Sources */ = {isa = PBXBuildFile; fileRef = 0E466BCD24E6407F00DC3BFC /* ArticleListTableViewCell.swift */; };
		0E466BD024E640CB00DC3BFC /* ArticleListViewModel.swift in Sources */ = {isa = PBXBuildFile; fileRef = 0E466BCF24E640CB00DC3BFC /* ArticleListViewModel.swift */; };
		0E466BD224E647A300DC3BFC /* ArticleDetailViewController.swift in Sources */ = {isa = PBXBuildFile; fileRef = 0E466BD124E647A300DC3BFC /* ArticleDetailViewController.swift */; };
		0E466BD424EA6AF300DC3BFC /* ArticleDetailViewModel.swift in Sources */ = {isa = PBXBuildFile; fileRef = 0E466BD324EA6AF300DC3BFC /* ArticleDetailViewModel.swift */; };
		0E466BD624EB8A9500DC3BFC /* User.swift in Sources */ = {isa = PBXBuildFile; fileRef = 0E466BD524EB8A9500DC3BFC /* User.swift */; };
		0E466BD824EB8B1800DC3BFC /* UserDefaultsExtension.swift in Sources */ = {isa = PBXBuildFile; fileRef = 0E466BD724EB8B1800DC3BFC /* UserDefaultsExtension.swift */; };
		0E466BDA24EB8C3100DC3BFC /* ProfileViewModel.swift in Sources */ = {isa = PBXBuildFile; fileRef = 0E466BD924EB8C3100DC3BFC /* ProfileViewModel.swift */; };
		0E466BDC24EB981300DC3BFC /* APIServiceTests.swift in Sources */ = {isa = PBXBuildFile; fileRef = 0E466BDB24EB981300DC3BFC /* APIServiceTests.swift */; };
		0E466BDE24EBB5C700DC3BFC /* content.json in Resources */ = {isa = PBXBuildFile; fileRef = 0E466BDD24EBB5C700DC3BFC /* content.json */; };
		0E79390D24E397AB0001E8A7 /* AppDelegate.swift in Sources */ = {isa = PBXBuildFile; fileRef = 0E79390C24E397AB0001E8A7 /* AppDelegate.swift */; };
		0E79390F24E397AB0001E8A7 /* SceneDelegate.swift in Sources */ = {isa = PBXBuildFile; fileRef = 0E79390E24E397AB0001E8A7 /* SceneDelegate.swift */; };
		0E79391124E397AB0001E8A7 /* TopHeadlineViewController.swift in Sources */ = {isa = PBXBuildFile; fileRef = 0E79391024E397AB0001E8A7 /* TopHeadlineViewController.swift */; };
		0E79391324E397AB0001E8A7 /* NewsViewController.swift in Sources */ = {isa = PBXBuildFile; fileRef = 0E79391224E397AB0001E8A7 /* NewsViewController.swift */; };
		0E79391624E397AB0001E8A7 /* Main.storyboard in Resources */ = {isa = PBXBuildFile; fileRef = 0E79391424E397AB0001E8A7 /* Main.storyboard */; };
		0E79391824E397AD0001E8A7 /* Assets.xcassets in Resources */ = {isa = PBXBuildFile; fileRef = 0E79391724E397AD0001E8A7 /* Assets.xcassets */; };
		0E79391B24E397AD0001E8A7 /* LaunchScreen.storyboard in Resources */ = {isa = PBXBuildFile; fileRef = 0E79391924E397AD0001E8A7 /* LaunchScreen.storyboard */; };
		0E79392624E397AD0001E8A7 /* tokointestTests.swift in Sources */ = {isa = PBXBuildFile; fileRef = 0E79392524E397AD0001E8A7 /* tokointestTests.swift */; };
		0E79393124E397AD0001E8A7 /* tokointestUITests.swift in Sources */ = {isa = PBXBuildFile; fileRef = 0E79393024E397AD0001E8A7 /* tokointestUITests.swift */; };
		0E79393F24E39A080001E8A7 /* ProfileViewController.swift in Sources */ = {isa = PBXBuildFile; fileRef = 0E79393E24E39A080001E8A7 /* ProfileViewController.swift */; };
		0E79394224E3DF280001E8A7 /* Article.swift in Sources */ = {isa = PBXBuildFile; fileRef = 0E79394124E3DF280001E8A7 /* Article.swift */; };
		0E79394624E3E03A0001E8A7 /* APIService.swift in Sources */ = {isa = PBXBuildFile; fileRef = 0E79394524E3E03A0001E8A7 /* APIService.swift */; };
		7F6E03EFF25F053565EE06DB /* Pods_tokointest.framework in Frameworks */ = {isa = PBXBuildFile; fileRef = 4418C39CD5EA9EE0ED2DCDDC /* Pods_tokointest.framework */; };
		F00016AA00CC0D89BE9CF4C2 /* Pods_tokointest_tokointestUITests.framework in Frameworks */ = {isa = PBXBuildFile; fileRef = 340C2103C8AC81F39A52CC03 /* Pods_tokointest_tokointestUITests.framework */; };
		F64BC9B2EC1D913F3682378A /* Pods_tokointestTests.framework in Frameworks */ = {isa = PBXBuildFile; fileRef = 9DC51EDE7E95152C5C0CDB31 /* Pods_tokointestTests.framework */; };
/* End PBXBuildFile section */

/* Begin PBXContainerItemProxy section */
		0E79392224E397AD0001E8A7 /* PBXContainerItemProxy */ = {
			isa = PBXContainerItemProxy;
			containerPortal = 0E79390124E397AB0001E8A7 /* Project object */;
			proxyType = 1;
			remoteGlobalIDString = 0E79390824E397AB0001E8A7;
			remoteInfo = tokointest;
		};
		0E79392D24E397AD0001E8A7 /* PBXContainerItemProxy */ = {
			isa = PBXContainerItemProxy;
			containerPortal = 0E79390124E397AB0001E8A7 /* Project object */;
			proxyType = 1;
			remoteGlobalIDString = 0E79390824E397AB0001E8A7;
			remoteInfo = tokointest;
		};
/* End PBXContainerItemProxy section */

/* Begin PBXFileReference section */
		0E466BCD24E6407F00DC3BFC /* ArticleListTableViewCell.swift */ = {isa = PBXFileReference; lastKnownFileType = sourcecode.swift; path = ArticleListTableViewCell.swift; sourceTree = "<group>"; };
		0E466BCF24E640CB00DC3BFC /* ArticleListViewModel.swift */ = {isa = PBXFileReference; lastKnownFileType = sourcecode.swift; path = ArticleListViewModel.swift; sourceTree = "<group>"; };
		0E466BD124E647A300DC3BFC /* ArticleDetailViewController.swift */ = {isa = PBXFileReference; lastKnownFileType = sourcecode.swift; path = ArticleDetailViewController.swift; sourceTree = "<group>"; };
		0E466BD324EA6AF300DC3BFC /* ArticleDetailViewModel.swift */ = {isa = PBXFileReference; lastKnownFileType = sourcecode.swift; path = ArticleDetailViewModel.swift; sourceTree = "<group>"; };
		0E466BD524EB8A9500DC3BFC /* User.swift */ = {isa = PBXFileReference; lastKnownFileType = sourcecode.swift; path = User.swift; sourceTree = "<group>"; };
		0E466BD724EB8B1800DC3BFC /* UserDefaultsExtension.swift */ = {isa = PBXFileReference; fileEncoding = 4; lastKnownFileType = sourcecode.swift; path = UserDefaultsExtension.swift; sourceTree = "<group>"; };
		0E466BD924EB8C3100DC3BFC /* ProfileViewModel.swift */ = {isa = PBXFileReference; lastKnownFileType = sourcecode.swift; path = ProfileViewModel.swift; sourceTree = "<group>"; };
		0E466BDB24EB981300DC3BFC /* APIServiceTests.swift */ = {isa = PBXFileReference; fileEncoding = 4; lastKnownFileType = sourcecode.swift; path = APIServiceTests.swift; sourceTree = "<group>"; };
		0E466BDD24EBB5C700DC3BFC /* content.json */ = {isa = PBXFileReference; fileEncoding = 4; lastKnownFileType = text.json; path = content.json; sourceTree = "<group>"; };
		0E79390924E397AB0001E8A7 /* tokointest.app */ = {isa = PBXFileReference; explicitFileType = wrapper.application; includeInIndex = 0; path = tokointest.app; sourceTree = BUILT_PRODUCTS_DIR; };
		0E79390C24E397AB0001E8A7 /* AppDelegate.swift */ = {isa = PBXFileReference; lastKnownFileType = sourcecode.swift; path = AppDelegate.swift; sourceTree = "<group>"; };
		0E79390E24E397AB0001E8A7 /* SceneDelegate.swift */ = {isa = PBXFileReference; lastKnownFileType = sourcecode.swift; path = SceneDelegate.swift; sourceTree = "<group>"; };
		0E79391024E397AB0001E8A7 /* TopHeadlineViewController.swift */ = {isa = PBXFileReference; lastKnownFileType = sourcecode.swift; path = TopHeadlineViewController.swift; sourceTree = "<group>"; };
		0E79391224E397AB0001E8A7 /* NewsViewController.swift */ = {isa = PBXFileReference; lastKnownFileType = sourcecode.swift; path = NewsViewController.swift; sourceTree = "<group>"; };
		0E79391524E397AB0001E8A7 /* Base */ = {isa = PBXFileReference; lastKnownFileType = file.storyboard; name = Base; path = Base.lproj/Main.storyboard; sourceTree = "<group>"; };
		0E79391724E397AD0001E8A7 /* Assets.xcassets */ = {isa = PBXFileReference; lastKnownFileType = folder.assetcatalog; path = Assets.xcassets; sourceTree = "<group>"; };
		0E79391A24E397AD0001E8A7 /* Base */ = {isa = PBXFileReference; lastKnownFileType = file.storyboard; name = Base; path = Base.lproj/LaunchScreen.storyboard; sourceTree = "<group>"; };
		0E79391C24E397AD0001E8A7 /* Info.plist */ = {isa = PBXFileReference; lastKnownFileType = text.plist.xml; path = Info.plist; sourceTree = "<group>"; };
		0E79392124E397AD0001E8A7 /* tokointestTests.xctest */ = {isa = PBXFileReference; explicitFileType = wrapper.cfbundle; includeInIndex = 0; path = tokointestTests.xctest; sourceTree = BUILT_PRODUCTS_DIR; };
		0E79392524E397AD0001E8A7 /* tokointestTests.swift */ = {isa = PBXFileReference; lastKnownFileType = sourcecode.swift; path = tokointestTests.swift; sourceTree = "<group>"; };
		0E79392724E397AD0001E8A7 /* Info.plist */ = {isa = PBXFileReference; lastKnownFileType = text.plist.xml; path = Info.plist; sourceTree = "<group>"; };
		0E79392C24E397AD0001E8A7 /* tokointestUITests.xctest */ = {isa = PBXFileReference; explicitFileType = wrapper.cfbundle; includeInIndex = 0; path = tokointestUITests.xctest; sourceTree = BUILT_PRODUCTS_DIR; };
		0E79393024E397AD0001E8A7 /* tokointestUITests.swift */ = {isa = PBXFileReference; lastKnownFileType = sourcecode.swift; path = tokointestUITests.swift; sourceTree = "<group>"; };
		0E79393224E397AD0001E8A7 /* Info.plist */ = {isa = PBXFileReference; lastKnownFileType = text.plist.xml; path = Info.plist; sourceTree = "<group>"; };
		0E79393E24E39A080001E8A7 /* ProfileViewController.swift */ = {isa = PBXFileReference; lastKnownFileType = sourcecode.swift; path = ProfileViewController.swift; sourceTree = "<group>"; };
		0E79394124E3DF280001E8A7 /* Article.swift */ = {isa = PBXFileReference; lastKnownFileType = sourcecode.swift; path = Article.swift; sourceTree = "<group>"; };
		0E79394524E3E03A0001E8A7 /* APIService.swift */ = {isa = PBXFileReference; lastKnownFileType = sourcecode.swift; path = APIService.swift; sourceTree = "<group>"; };
		15E6932F838D21686BAD0543 /* Pods-tokointest-tokointestUITests.release.xcconfig */ = {isa = PBXFileReference; includeInIndex = 1; lastKnownFileType = text.xcconfig; name = "Pods-tokointest-tokointestUITests.release.xcconfig"; path = "Target Support Files/Pods-tokointest-tokointestUITests/Pods-tokointest-tokointestUITests.release.xcconfig"; sourceTree = "<group>"; };
		1CB571E00C3306D6E4901AA8 /* Pods-tokointest.release.xcconfig */ = {isa = PBXFileReference; includeInIndex = 1; lastKnownFileType = text.xcconfig; name = "Pods-tokointest.release.xcconfig"; path = "Target Support Files/Pods-tokointest/Pods-tokointest.release.xcconfig"; sourceTree = "<group>"; };
		2044BB57248A454B3E679964 /* Pods-tokointestTests.release.xcconfig */ = {isa = PBXFileReference; includeInIndex = 1; lastKnownFileType = text.xcconfig; name = "Pods-tokointestTests.release.xcconfig"; path = "Target Support Files/Pods-tokointestTests/Pods-tokointestTests.release.xcconfig"; sourceTree = "<group>"; };
		340C2103C8AC81F39A52CC03 /* Pods_tokointest_tokointestUITests.framework */ = {isa = PBXFileReference; explicitFileType = wrapper.framework; includeInIndex = 0; path = Pods_tokointest_tokointestUITests.framework; sourceTree = BUILT_PRODUCTS_DIR; };
		4418C39CD5EA9EE0ED2DCDDC /* Pods_tokointest.framework */ = {isa = PBXFileReference; explicitFileType = wrapper.framework; includeInIndex = 0; path = Pods_tokointest.framework; sourceTree = BUILT_PRODUCTS_DIR; };
		6F4FF1B05B031DDA78021568 /* Pods-tokointest.debug.xcconfig */ = {isa = PBXFileReference; includeInIndex = 1; lastKnownFileType = text.xcconfig; name = "Pods-tokointest.debug.xcconfig"; path = "Target Support Files/Pods-tokointest/Pods-tokointest.debug.xcconfig"; sourceTree = "<group>"; };
		847E1C20127418069E73937E /* Pods-tokointest-tokointestUITests.debug.xcconfig */ = {isa = PBXFileReference; includeInIndex = 1; lastKnownFileType = text.xcconfig; name = "Pods-tokointest-tokointestUITests.debug.xcconfig"; path = "Target Support Files/Pods-tokointest-tokointestUITests/Pods-tokointest-tokointestUITests.debug.xcconfig"; sourceTree = "<group>"; };
		9DC51EDE7E95152C5C0CDB31 /* Pods_tokointestTests.framework */ = {isa = PBXFileReference; explicitFileType = wrapper.framework; includeInIndex = 0; path = Pods_tokointestTests.framework; sourceTree = BUILT_PRODUCTS_DIR; };
		C151B9C268156B478A99A293 /* Pods-tokointestTests.debug.xcconfig */ = {isa = PBXFileReference; includeInIndex = 1; lastKnownFileType = text.xcconfig; name = "Pods-tokointestTests.debug.xcconfig"; path = "Target Support Files/Pods-tokointestTests/Pods-tokointestTests.debug.xcconfig"; sourceTree = "<group>"; };
/* End PBXFileReference section */

/* Begin PBXFrameworksBuildPhase section */
		0E79390624E397AB0001E8A7 /* Frameworks */ = {
			isa = PBXFrameworksBuildPhase;
			buildActionMask = 2147483647;
			files = (
				7F6E03EFF25F053565EE06DB /* Pods_tokointest.framework in Frameworks */,
			);
			runOnlyForDeploymentPostprocessing = 0;
		};
		0E79391E24E397AD0001E8A7 /* Frameworks */ = {
			isa = PBXFrameworksBuildPhase;
			buildActionMask = 2147483647;
			files = (
				F64BC9B2EC1D913F3682378A /* Pods_tokointestTests.framework in Frameworks */,
			);
			runOnlyForDeploymentPostprocessing = 0;
		};
		0E79392924E397AD0001E8A7 /* Frameworks */ = {
			isa = PBXFrameworksBuildPhase;
			buildActionMask = 2147483647;
			files = (
				F00016AA00CC0D89BE9CF4C2 /* Pods_tokointest_tokointestUITests.framework in Frameworks */,
			);
			runOnlyForDeploymentPostprocessing = 0;
		};
/* End PBXFrameworksBuildPhase section */

/* Begin PBXGroup section */
		02FCE90507DBE9E55353A7BB /* Frameworks */ = {
			isa = PBXGroup;
			children = (
				4418C39CD5EA9EE0ED2DCDDC /* Pods_tokointest.framework */,
				340C2103C8AC81F39A52CC03 /* Pods_tokointest_tokointestUITests.framework */,
				9DC51EDE7E95152C5C0CDB31 /* Pods_tokointestTests.framework */,
			);
			name = Frameworks;
			sourceTree = "<group>";
		};
		0E466BCC24E6406200DC3BFC /* Views */ = {
			isa = PBXGroup;
			children = (
				0E466BCD24E6407F00DC3BFC /* ArticleListTableViewCell.swift */,
			);
			path = Views;
			sourceTree = "<group>";
		};
		0E79390024E397AB0001E8A7 = {
			isa = PBXGroup;
			children = (
				0E79390B24E397AB0001E8A7 /* tokointest */,
				0E79392424E397AD0001E8A7 /* tokointestTests */,
				0E79392F24E397AD0001E8A7 /* tokointestUITests */,
				0E79390A24E397AB0001E8A7 /* Products */,
				40DDD748AEC1529752B60A5D /* Pods */,
				02FCE90507DBE9E55353A7BB /* Frameworks */,
			);
			sourceTree = "<group>";
		};
		0E79390A24E397AB0001E8A7 /* Products */ = {
			isa = PBXGroup;
			children = (
				0E79390924E397AB0001E8A7 /* tokointest.app */,
				0E79392124E397AD0001E8A7 /* tokointestTests.xctest */,
				0E79392C24E397AD0001E8A7 /* tokointestUITests.xctest */,
			);
			name = Products;
			sourceTree = "<group>";
		};
		0E79390B24E397AB0001E8A7 /* tokointest */ = {
			isa = PBXGroup;
			children = (
				0E466BD724EB8B1800DC3BFC /* UserDefaultsExtension.swift */,
				0E466BCC24E6406200DC3BFC /* Views */,
				0E79394424E3E0090001E8A7 /* Modules */,
				0E79394324E3DFF50001E8A7 /* Services */,
				0E79394024E3DF080001E8A7 /* Models */,
				0E79390C24E397AB0001E8A7 /* AppDelegate.swift */,
				0E79390E24E397AB0001E8A7 /* SceneDelegate.swift */,
				0E79391024E397AB0001E8A7 /* TopHeadlineViewController.swift */,
				0E79391224E397AB0001E8A7 /* NewsViewController.swift */,
				0E79391424E397AB0001E8A7 /* Main.storyboard */,
				0E79391724E397AD0001E8A7 /* Assets.xcassets */,
				0E79391924E397AD0001E8A7 /* LaunchScreen.storyboard */,
				0E79391C24E397AD0001E8A7 /* Info.plist */,
				0E79393E24E39A080001E8A7 /* ProfileViewController.swift */,
				0E466BD124E647A300DC3BFC /* ArticleDetailViewController.swift */,
			);
			path = tokointest;
			sourceTree = "<group>";
		};
		0E79392424E397AD0001E8A7 /* tokointestTests */ = {
			isa = PBXGroup;
			children = (
				0E466BDB24EB981300DC3BFC /* APIServiceTests.swift */,
				0E79392524E397AD0001E8A7 /* tokointestTests.swift */,
				0E79392724E397AD0001E8A7 /* Info.plist */,
			);
			path = tokointestTests;
			sourceTree = "<group>";
		};
		0E79392F24E397AD0001E8A7 /* tokointestUITests */ = {
			isa = PBXGroup;
			children = (
				0E79393024E397AD0001E8A7 /* tokointestUITests.swift */,
				0E79393224E397AD0001E8A7 /* Info.plist */,
			);
			path = tokointestUITests;
			sourceTree = "<group>";
		};
		0E79394024E3DF080001E8A7 /* Models */ = {
			isa = PBXGroup;
			children = (
				0E79394124E3DF280001E8A7 /* Article.swift */,
				0E466BD524EB8A9500DC3BFC /* User.swift */,
			);
			path = Models;
			sourceTree = "<group>";
		};
		0E79394324E3DFF50001E8A7 /* Services */ = {
			isa = PBXGroup;
			children = (
				0E466BDD24EBB5C700DC3BFC /* content.json */,
				0E79394524E3E03A0001E8A7 /* APIService.swift */,
			);
			path = Services;
			sourceTree = "<group>";
		};
		0E79394424E3E0090001E8A7 /* Modules */ = {
			isa = PBXGroup;
			children = (
				0E466BCF24E640CB00DC3BFC /* ArticleListViewModel.swift */,
				0E466BD324EA6AF300DC3BFC /* ArticleDetailViewModel.swift */,
				0E466BD924EB8C3100DC3BFC /* ProfileViewModel.swift */,
			);
			path = Modules;
			sourceTree = "<group>";
		};
		40DDD748AEC1529752B60A5D /* Pods */ = {
			isa = PBXGroup;
			children = (
				6F4FF1B05B031DDA78021568 /* Pods-tokointest.debug.xcconfig */,
				1CB571E00C3306D6E4901AA8 /* Pods-tokointest.release.xcconfig */,
				847E1C20127418069E73937E /* Pods-tokointest-tokointestUITests.debug.xcconfig */,
				15E6932F838D21686BAD0543 /* Pods-tokointest-tokointestUITests.release.xcconfig */,
				C151B9C268156B478A99A293 /* Pods-tokointestTests.debug.xcconfig */,
				2044BB57248A454B3E679964 /* Pods-tokointestTests.release.xcconfig */,
			);
			path = Pods;
			sourceTree = "<group>";
		};
/* End PBXGroup section */

/* Begin PBXNativeTarget section */
		0E79390824E397AB0001E8A7 /* tokointest */ = {
			isa = PBXNativeTarget;
			buildConfigurationList = 0E79393524E397AD0001E8A7 /* Build configuration list for PBXNativeTarget "tokointest" */;
			buildPhases = (
				456FB38265EF016FA98B2C43 /* [CP] Check Pods Manifest.lock */,
				0E79390524E397AB0001E8A7 /* Sources */,
				0E79390624E397AB0001E8A7 /* Frameworks */,
				0E79390724E397AB0001E8A7 /* Resources */,
				367C42446C5973A3BE7F889E /* [CP] Embed Pods Frameworks */,
			);
			buildRules = (
			);
			dependencies = (
			);
			name = tokointest;
			productName = tokointest;
			productReference = 0E79390924E397AB0001E8A7 /* tokointest.app */;
			productType = "com.apple.product-type.application";
		};
		0E79392024E397AD0001E8A7 /* tokointestTests */ = {
			isa = PBXNativeTarget;
			buildConfigurationList = 0E79393824E397AD0001E8A7 /* Build configuration list for PBXNativeTarget "tokointestTests" */;
			buildPhases = (
				C3CFFF6D8D13CCFA454B8F76 /* [CP] Check Pods Manifest.lock */,
				0E79391D24E397AD0001E8A7 /* Sources */,
				0E79391E24E397AD0001E8A7 /* Frameworks */,
				0E79391F24E397AD0001E8A7 /* Resources */,
			);
			buildRules = (
			);
			dependencies = (
				0E79392324E397AD0001E8A7 /* PBXTargetDependency */,
			);
			name = tokointestTests;
			productName = tokointestTests;
			productReference = 0E79392124E397AD0001E8A7 /* tokointestTests.xctest */;
			productType = "com.apple.product-type.bundle.unit-test";
		};
		0E79392B24E397AD0001E8A7 /* tokointestUITests */ = {
			isa = PBXNativeTarget;
			buildConfigurationList = 0E79393B24E397AD0001E8A7 /* Build configuration list for PBXNativeTarget "tokointestUITests" */;
			buildPhases = (
				E335AB850AB6A1BFDB45FCEF /* [CP] Check Pods Manifest.lock */,
				0E79392824E397AD0001E8A7 /* Sources */,
				0E79392924E397AD0001E8A7 /* Frameworks */,
				0E79392A24E397AD0001E8A7 /* Resources */,
				55264E416DD9CE56B05961D8 /* [CP] Embed Pods Frameworks */,
			);
			buildRules = (
			);
			dependencies = (
				0E79392E24E397AD0001E8A7 /* PBXTargetDependency */,
			);
			name = tokointestUITests;
			productName = tokointestUITests;
			productReference = 0E79392C24E397AD0001E8A7 /* tokointestUITests.xctest */;
			productType = "com.apple.product-type.bundle.ui-testing";
		};
/* End PBXNativeTarget section */

/* Begin PBXProject section */
		0E79390124E397AB0001E8A7 /* Project object */ = {
			isa = PBXProject;
			attributes = {
				LastSwiftUpdateCheck = 1160;
				LastUpgradeCheck = 1160;
				ORGANIZATIONNAME = "Macintosh HD";
				TargetAttributes = {
					0E79390824E397AB0001E8A7 = {
						CreatedOnToolsVersion = 11.6;
					};
					0E79392024E397AD0001E8A7 = {
						CreatedOnToolsVersion = 11.6;
						TestTargetID = 0E79390824E397AB0001E8A7;
					};
					0E79392B24E397AD0001E8A7 = {
						CreatedOnToolsVersion = 11.6;
						TestTargetID = 0E79390824E397AB0001E8A7;
					};
				};
			};
			buildConfigurationList = 0E79390424E397AB0001E8A7 /* Build configuration list for PBXProject "tokointest" */;
			compatibilityVersion = "Xcode 9.3";
			developmentRegion = en;
			hasScannedForEncodings = 0;
			knownRegions = (
				en,
				Base,
			);
			mainGroup = 0E79390024E397AB0001E8A7;
			productRefGroup = 0E79390A24E397AB0001E8A7 /* Products */;
			projectDirPath = "";
			projectRoot = "";
			targets = (
				0E79390824E397AB0001E8A7 /* tokointest */,
				0E79392024E397AD0001E8A7 /* tokointestTests */,
				0E79392B24E397AD0001E8A7 /* tokointestUITests */,
			);
		};
/* End PBXProject section */

/* Begin PBXResourcesBuildPhase section */
		0E79390724E397AB0001E8A7 /* Resources */ = {
			isa = PBXResourcesBuildPhase;
			buildActionMask = 2147483647;
			files = (
				0E79391B24E397AD0001E8A7 /* LaunchScreen.storyboard in Resources */,
				0E79391824E397AD0001E8A7 /* Assets.xcassets in Resources */,
				0E79391624E397AB0001E8A7 /* Main.storyboard in Resources */,
				0E466BDE24EBB5C700DC3BFC /* content.json in Resources */,
			);
			runOnlyForDeploymentPostprocessing = 0;
		};
		0E79391F24E397AD0001E8A7 /* Resources */ = {
			isa = PBXResourcesBuildPhase;
			buildActionMask = 2147483647;
			files = (
			);
			runOnlyForDeploymentPostprocessing = 0;
		};
		0E79392A24E397AD0001E8A7 /* Resources */ = {
			isa = PBXResourcesBuildPhase;
			buildActionMask = 2147483647;
			files = (
			);
			runOnlyForDeploymentPostprocessing = 0;
		};
/* End PBXResourcesBuildPhase section */

/* Begin PBXShellScriptBuildPhase section */
		367C42446C5973A3BE7F889E /* [CP] Embed Pods Frameworks */ = {
			isa = PBXShellScriptBuildPhase;
			buildActionMask = 2147483647;
			files = (
			);
			inputFileListPaths = (
				"${PODS_ROOT}/Target Support Files/Pods-tokointest/Pods-tokointest-frameworks-${CONFIGURATION}-input-files.xcfilelist",
			);
			name = "[CP] Embed Pods Frameworks";
			outputFileListPaths = (
				"${PODS_ROOT}/Target Support Files/Pods-tokointest/Pods-tokointest-frameworks-${CONFIGURATION}-output-files.xcfilelist",
			);
			runOnlyForDeploymentPostprocessing = 0;
			shellPath = /bin/sh;
			shellScript = "\"${PODS_ROOT}/Target Support Files/Pods-tokointest/Pods-tokointest-frameworks.sh\"\n";
			showEnvVarsInLog = 0;
		};
		456FB38265EF016FA98B2C43 /* [CP] Check Pods Manifest.lock */ = {
			isa = PBXShellScriptBuildPhase;
			buildActionMask = 2147483647;
			files = (
			);
			inputFileListPaths = (
			);
			inputPaths = (
				"${PODS_PODFILE_DIR_PATH}/Podfile.lock",
				"${PODS_ROOT}/Manifest.lock",
			);
			name = "[CP] Check Pods Manifest.lock";
			outputFileListPaths = (
			);
			outputPaths = (
				"$(DERIVED_FILE_DIR)/Pods-tokointest-checkManifestLockResult.txt",
			);
			runOnlyForDeploymentPostprocessing = 0;
			shellPath = /bin/sh;
			shellScript = "diff \"${PODS_PODFILE_DIR_PATH}/Podfile.lock\" \"${PODS_ROOT}/Manifest.lock\" > /dev/null\nif [ $? != 0 ] ; then\n    # print error to STDERR\n    echo \"error: The sandbox is not in sync with the Podfile.lock. Run 'pod install' or update your CocoaPods installation.\" >&2\n    exit 1\nfi\n# This output is used by Xcode 'outputs' to avoid re-running this script phase.\necho \"SUCCESS\" > \"${SCRIPT_OUTPUT_FILE_0}\"\n";
			showEnvVarsInLog = 0;
		};
		55264E416DD9CE56B05961D8 /* [CP] Embed Pods Frameworks */ = {
			isa = PBXShellScriptBuildPhase;
			buildActionMask = 2147483647;
			files = (
			);
			inputFileListPaths = (
				"${PODS_ROOT}/Target Support Files/Pods-tokointest-tokointestUITests/Pods-tokointest-tokointestUITests-frameworks-${CONFIGURATION}-input-files.xcfilelist",
			);
			name = "[CP] Embed Pods Frameworks";
			outputFileListPaths = (
				"${PODS_ROOT}/Target Support Files/Pods-tokointest-tokointestUITests/Pods-tokointest-tokointestUITests-frameworks-${CONFIGURATION}-output-files.xcfilelist",
			);
			runOnlyForDeploymentPostprocessing = 0;
			shellPath = /bin/sh;
			shellScript = "\"${PODS_ROOT}/Target Support Files/Pods-tokointest-tokointestUITests/Pods-tokointest-tokointestUITests-frameworks.sh\"\n";
			showEnvVarsInLog = 0;
		};
		C3CFFF6D8D13CCFA454B8F76 /* [CP] Check Pods Manifest.lock */ = {
			isa = PBXShellScriptBuildPhase;
			buildActionMask = 2147483647;
			files = (
			);
			inputFileListPaths = (
			);
			inputPaths = (
				"${PODS_PODFILE_DIR_PATH}/Podfile.lock",
				"${PODS_ROOT}/Manifest.lock",
			);
			name = "[CP] Check Pods Manifest.lock";
			outputFileListPaths = (
			);
			outputPaths = (
				"$(DERIVED_FILE_DIR)/Pods-tokointestTests-checkManifestLockResult.txt",
			);
			runOnlyForDeploymentPostprocessing = 0;
			shellPath = /bin/sh;
			shellScript = "diff \"${PODS_PODFILE_DIR_PATH}/Podfile.lock\" \"${PODS_ROOT}/Manifest.lock\" > /dev/null\nif [ $? != 0 ] ; then\n    # print error to STDERR\n    echo \"error: The sandbox is not in sync with the Podfile.lock. Run 'pod install' or update your CocoaPods installation.\" >&2\n    exit 1\nfi\n# This output is used by Xcode 'outputs' to avoid re-running this script phase.\necho \"SUCCESS\" > \"${SCRIPT_OUTPUT_FILE_0}\"\n";
			showEnvVarsInLog = 0;
		};
		E335AB850AB6A1BFDB45FCEF /* [CP] Check Pods Manifest.lock */ = {
			isa = PBXShellScriptBuildPhase;
			buildActionMask = 2147483647;
			files = (
			);
			inputFileListPaths = (
			);
			inputPaths = (
				"${PODS_PODFILE_DIR_PATH}/Podfile.lock",
				"${PODS_ROOT}/Manifest.lock",
			);
			name = "[CP] Check Pods Manifest.lock";
			outputFileListPaths = (
			);
			outputPaths = (
				"$(DERIVED_FILE_DIR)/Pods-tokointest-tokointestUITests-checkManifestLockResult.txt",
			);
			runOnlyForDeploymentPostprocessing = 0;
			shellPath = /bin/sh;
			shellScript = "diff \"${PODS_PODFILE_DIR_PATH}/Podfile.lock\" \"${PODS_ROOT}/Manifest.lock\" > /dev/null\nif [ $? != 0 ] ; then\n    # print error to STDERR\n    echo \"error: The sandbox is not in sync with the Podfile.lock. Run 'pod install' or update your CocoaPods installation.\" >&2\n    exit 1\nfi\n# This output is used by Xcode 'outputs' to avoid re-running this script phase.\necho \"SUCCESS\" > \"${SCRIPT_OUTPUT_FILE_0}\"\n";
			showEnvVarsInLog = 0;
		};
/* End PBXShellScriptBuildPhase section */

/* Begin PBXSourcesBuildPhase section */
		0E79390524E397AB0001E8A7 /* Sources */ = {
			isa = PBXSourcesBuildPhase;
			buildActionMask = 2147483647;
			files = (
				0E79391324E397AB0001E8A7 /* NewsViewController.swift in Sources */,
				0E466BD424EA6AF300DC3BFC /* ArticleDetailViewModel.swift in Sources */,
				0E79394624E3E03A0001E8A7 /* APIService.swift in Sources */,
				0E79391124E397AB0001E8A7 /* TopHeadlineViewController.swift in Sources */,
				0E79394224E3DF280001E8A7 /* Article.swift in Sources */,
				0E466BD224E647A300DC3BFC /* ArticleDetailViewController.swift in Sources */,
				0E466BDA24EB8C3100DC3BFC /* ProfileViewModel.swift in Sources */,
				0E466BD024E640CB00DC3BFC /* ArticleListViewModel.swift in Sources */,
				0E466BCE24E6407F00DC3BFC /* ArticleListTableViewCell.swift in Sources */,
				0E466BD624EB8A9500DC3BFC /* User.swift in Sources */,
				0E79393F24E39A080001E8A7 /* ProfileViewController.swift in Sources */,
				0E79390D24E397AB0001E8A7 /* AppDelegate.swift in Sources */,
				0E79390F24E397AB0001E8A7 /* SceneDelegate.swift in Sources */,
				0E466BD824EB8B1800DC3BFC /* UserDefaultsExtension.swift in Sources */,
			);
			runOnlyForDeploymentPostprocessing = 0;
		};
		0E79391D24E397AD0001E8A7 /* Sources */ = {
			isa = PBXSourcesBuildPhase;
			buildActionMask = 2147483647;
			files = (
				0E466BDC24EB981300DC3BFC /* APIServiceTests.swift in Sources */,
				0E79392624E397AD0001E8A7 /* tokointestTests.swift in Sources */,
			);
			runOnlyForDeploymentPostprocessing = 0;
		};
		0E79392824E397AD0001E8A7 /* Sources */ = {
			isa = PBXSourcesBuildPhase;
			buildActionMask = 2147483647;
			files = (
				0E79393124E397AD0001E8A7 /* tokointestUITests.swift in Sources */,
			);
			runOnlyForDeploymentPostprocessing = 0;
		};
/* End PBXSourcesBuildPhase section */

/* Begin PBXTargetDependency section */
		0E79392324E397AD0001E8A7 /* PBXTargetDependency */ = {
			isa = PBXTargetDependency;
			target = 0E79390824E397AB0001E8A7 /* tokointest */;
			targetProxy = 0E79392224E397AD0001E8A7 /* PBXContainerItemProxy */;
		};
		0E79392E24E397AD0001E8A7 /* PBXTargetDependency */ = {
			isa = PBXTargetDependency;
			target = 0E79390824E397AB0001E8A7 /* tokointest */;
			targetProxy = 0E79392D24E397AD0001E8A7 /* PBXContainerItemProxy */;
		};
/* End PBXTargetDependency section */

/* Begin PBXVariantGroup section */
		0E79391424E397AB0001E8A7 /* Main.storyboard */ = {
			isa = PBXVariantGroup;
			children = (
				0E79391524E397AB0001E8A7 /* Base */,
			);
			name = Main.storyboard;
			sourceTree = "<group>";
		};
		0E79391924E397AD0001E8A7 /* LaunchScreen.storyboard */ = {
			isa = PBXVariantGroup;
			children = (
				0E79391A24E397AD0001E8A7 /* Base */,
			);
			name = LaunchScreen.storyboard;
			sourceTree = "<group>";
		};
/* End PBXVariantGroup section */

/* Begin XCBuildConfiguration section */
		0E79393324E397AD0001E8A7 /* Debug */ = {
			isa = XCBuildConfiguration;
			buildSettings = {
				ALWAYS_SEARCH_USER_PATHS = NO;
				CLANG_ANALYZER_NONNULL = YES;
				CLANG_ANALYZER_NUMBER_OBJECT_CONVERSION = YES_AGGRESSIVE;
				CLANG_CXX_LANGUAGE_STANDARD = "gnu++14";
				CLANG_CXX_LIBRARY = "libc++";
				CLANG_ENABLE_MODULES = YES;
				CLANG_ENABLE_OBJC_ARC = YES;
				CLANG_ENABLE_OBJC_WEAK = YES;
				CLANG_WARN_BLOCK_CAPTURE_AUTORELEASING = YES;
				CLANG_WARN_BOOL_CONVERSION = YES;
				CLANG_WARN_COMMA = YES;
				CLANG_WARN_CONSTANT_CONVERSION = YES;
				CLANG_WARN_DEPRECATED_OBJC_IMPLEMENTATIONS = YES;
				CLANG_WARN_DIRECT_OBJC_ISA_USAGE = YES_ERROR;
				CLANG_WARN_DOCUMENTATION_COMMENTS = YES;
				CLANG_WARN_EMPTY_BODY = YES;
				CLANG_WARN_ENUM_CONVERSION = YES;
				CLANG_WARN_INFINITE_RECURSION = YES;
				CLANG_WARN_INT_CONVERSION = YES;
				CLANG_WARN_NON_LITERAL_NULL_CONVERSION = YES;
				CLANG_WARN_OBJC_IMPLICIT_RETAIN_SELF = YES;
				CLANG_WARN_OBJC_LITERAL_CONVERSION = YES;
				CLANG_WARN_OBJC_ROOT_CLASS = YES_ERROR;
				CLANG_WARN_RANGE_LOOP_ANALYSIS = YES;
				CLANG_WARN_STRICT_PROTOTYPES = YES;
				CLANG_WARN_SUSPICIOUS_MOVE = YES;
				CLANG_WARN_UNGUARDED_AVAILABILITY = YES_AGGRESSIVE;
				CLANG_WARN_UNREACHABLE_CODE = YES;
				CLANG_WARN__DUPLICATE_METHOD_MATCH = YES;
				COPY_PHASE_STRIP = NO;
				DEBUG_INFORMATION_FORMAT = dwarf;
				ENABLE_STRICT_OBJC_MSGSEND = YES;
				ENABLE_TESTABILITY = YES;
				GCC_C_LANGUAGE_STANDARD = gnu11;
				GCC_DYNAMIC_NO_PIC = NO;
				GCC_NO_COMMON_BLOCKS = YES;
				GCC_OPTIMIZATION_LEVEL = 0;
				GCC_PREPROCESSOR_DEFINITIONS = (
					"DEBUG=1",
					"$(inherited)",
				);
				GCC_WARN_64_TO_32_BIT_CONVERSION = YES;
				GCC_WARN_ABOUT_RETURN_TYPE = YES_ERROR;
				GCC_WARN_UNDECLARED_SELECTOR = YES;
				GCC_WARN_UNINITIALIZED_AUTOS = YES_AGGRESSIVE;
				GCC_WARN_UNUSED_FUNCTION = YES;
				GCC_WARN_UNUSED_VARIABLE = YES;
				IPHONEOS_DEPLOYMENT_TARGET = 13.6;
				MTL_ENABLE_DEBUG_INFO = INCLUDE_SOURCE;
				MTL_FAST_MATH = YES;
				ONLY_ACTIVE_ARCH = YES;
				SDKROOT = iphoneos;
				SWIFT_ACTIVE_COMPILATION_CONDITIONS = DEBUG;
				SWIFT_OPTIMIZATION_LEVEL = "-Onone";
			};
			name = Debug;
		};
		0E79393424E397AD0001E8A7 /* Release */ = {
			isa = XCBuildConfiguration;
			buildSettings = {
				ALWAYS_SEARCH_USER_PATHS = NO;
				CLANG_ANALYZER_NONNULL = YES;
				CLANG_ANALYZER_NUMBER_OBJECT_CONVERSION = YES_AGGRESSIVE;
				CLANG_CXX_LANGUAGE_STANDARD = "gnu++14";
				CLANG_CXX_LIBRARY = "libc++";
				CLANG_ENABLE_MODULES = YES;
				CLANG_ENABLE_OBJC_ARC = YES;
				CLANG_ENABLE_OBJC_WEAK = YES;
				CLANG_WARN_BLOCK_CAPTURE_AUTORELEASING = YES;
				CLANG_WARN_BOOL_CONVERSION = YES;
				CLANG_WARN_COMMA = YES;
				CLANG_WARN_CONSTANT_CONVERSION = YES;
				CLANG_WARN_DEPRECATED_OBJC_IMPLEMENTATIONS = YES;
				CLANG_WARN_DIRECT_OBJC_ISA_USAGE = YES_ERROR;
				CLANG_WARN_DOCUMENTATION_COMMENTS = YES;
				CLANG_WARN_EMPTY_BODY = YES;
				CLANG_WARN_ENUM_CONVERSION = YES;
				CLANG_WARN_INFINITE_RECURSION = YES;
				CLANG_WARN_INT_CONVERSION = YES;
				CLANG_WARN_NON_LITERAL_NULL_CONVERSION = YES;
				CLANG_WARN_OBJC_IMPLICIT_RETAIN_SELF = YES;
				CLANG_WARN_OBJC_LITERAL_CONVERSION = YES;
				CLANG_WARN_OBJC_ROOT_CLASS = YES_ERROR;
				CLANG_WARN_RANGE_LOOP_ANALYSIS = YES;
				CLANG_WARN_STRICT_PROTOTYPES = YES;
				CLANG_WARN_SUSPICIOUS_MOVE = YES;
				CLANG_WARN_UNGUARDED_AVAILABILITY = YES_AGGRESSIVE;
				CLANG_WARN_UNREACHABLE_CODE = YES;
				CLANG_WARN__DUPLICATE_METHOD_MATCH = YES;
				COPY_PHASE_STRIP = NO;
				DEBUG_INFORMATION_FORMAT = "dwarf-with-dsym";
				ENABLE_NS_ASSERTIONS = NO;
				ENABLE_STRICT_OBJC_MSGSEND = YES;
				GCC_C_LANGUAGE_STANDARD = gnu11;
				GCC_NO_COMMON_BLOCKS = YES;
				GCC_WARN_64_TO_32_BIT_CONVERSION = YES;
				GCC_WARN_ABOUT_RETURN_TYPE = YES_ERROR;
				GCC_WARN_UNDECLARED_SELECTOR = YES;
				GCC_WARN_UNINITIALIZED_AUTOS = YES_AGGRESSIVE;
				GCC_WARN_UNUSED_FUNCTION = YES;
				GCC_WARN_UNUSED_VARIABLE = YES;
				IPHONEOS_DEPLOYMENT_TARGET = 13.6;
				MTL_ENABLE_DEBUG_INFO = NO;
				MTL_FAST_MATH = YES;
				SDKROOT = iphoneos;
				SWIFT_COMPILATION_MODE = wholemodule;
				SWIFT_OPTIMIZATION_LEVEL = "-O";
				VALIDATE_PRODUCT = YES;
			};
			name = Release;
		};
		0E79393624E397AD0001E8A7 /* Debug */ = {
			isa = XCBuildConfiguration;
			baseConfigurationReference = 6F4FF1B05B031DDA78021568 /* Pods-tokointest.debug.xcconfig */;
			buildSettings = {
				ASSETCATALOG_COMPILER_APPICON_NAME = AppIcon;
				CODE_SIGN_STYLE = Automatic;
				DEVELOPMENT_TEAM = TCL3H9D792;
				INFOPLIST_FILE = tokointest/Info.plist;
				LD_RUNPATH_SEARCH_PATHS = (
					"$(inherited)",
					"@executable_path/Frameworks",
				);
				PRODUCT_BUNDLE_IDENTIFIER = com.tamtran.tokointest;
				PRODUCT_NAME = "$(TARGET_NAME)";
				SWIFT_VERSION = 5.0;
				TARGETED_DEVICE_FAMILY = "1,2";
			};
			name = Debug;
		};
		0E79393724E397AD0001E8A7 /* Release */ = {
			isa = XCBuildConfiguration;
			baseConfigurationReference = 1CB571E00C3306D6E4901AA8 /* Pods-tokointest.release.xcconfig */;
			buildSettings = {
				ASSETCATALOG_COMPILER_APPICON_NAME = AppIcon;
				CODE_SIGN_STYLE = Automatic;
				DEVELOPMENT_TEAM = TCL3H9D792;
				INFOPLIST_FILE = tokointest/Info.plist;
				LD_RUNPATH_SEARCH_PATHS = (
					"$(inherited)",
					"@executable_path/Frameworks",
				);
				PRODUCT_BUNDLE_IDENTIFIER = com.tamtran.tokointest;
				PRODUCT_NAME = "$(TARGET_NAME)";
				SWIFT_VERSION = 5.0;
				TARGETED_DEVICE_FAMILY = "1,2";
			};
			name = Release;
		};
		0E79393924E397AD0001E8A7 /* Debug */ = {
			isa = XCBuildConfiguration;
			baseConfigurationReference = C151B9C268156B478A99A293 /* Pods-tokointestTests.debug.xcconfig */;
			buildSettings = {
				ALWAYS_EMBED_SWIFT_STANDARD_LIBRARIES = YES;
				BUNDLE_LOADER = "$(TEST_HOST)";
				CODE_SIGN_STYLE = Automatic;
				DEVELOPMENT_TEAM = TCL3H9D792;
				INFOPLIST_FILE = tokointestTests/Info.plist;
				IPHONEOS_DEPLOYMENT_TARGET = 13.6;
				LD_RUNPATH_SEARCH_PATHS = (
					"$(inherited)",
					"@executable_path/Frameworks",
					"@loader_path/Frameworks",
				);
				PRODUCT_BUNDLE_IDENTIFIER = com.tamtran.tokointestTests;
				PRODUCT_NAME = "$(TARGET_NAME)";
				SWIFT_VERSION = 5.0;
				TARGETED_DEVICE_FAMILY = "1,2";
				TEST_HOST = "$(BUILT_PRODUCTS_DIR)/tokointest.app/tokointest";
			};
			name = Debug;
		};
		0E79393A24E397AD0001E8A7 /* Release */ = {
			isa = XCBuildConfiguration;
			baseConfigurationReference = 2044BB57248A454B3E679964 /* Pods-tokointestTests.release.xcconfig */;
			buildSettings = {
				ALWAYS_EMBED_SWIFT_STANDARD_LIBRARIES = YES;
				BUNDLE_LOADER = "$(TEST_HOST)";
				CODE_SIGN_STYLE = Automatic;
				DEVELOPMENT_TEAM = TCL3H9D792;
				INFOPLIST_FILE = tokointestTests/Info.plist;
				IPHONEOS_DEPLOYMENT_TARGET = 13.6;
				LD_RUNPATH_SEARCH_PATHS = (
					"$(inherited)",
					"@executable_path/Frameworks",
					"@loader_path/Frameworks",
				);
				PRODUCT_BUNDLE_IDENTIFIER = com.tamtran.tokointestTests;
				PRODUCT_NAME = "$(TARGET_NAME)";
				SWIFT_VERSION = 5.0;
				TARGETED_DEVICE_FAMILY = "1,2";
				TEST_HOST = "$(BUILT_PRODUCTS_DIR)/tokointest.app/tokointest";
			};
			name = Release;
		};
		0E79393C24E397AD0001E8A7 /* Debug */ = {
			isa = XCBuildConfiguration;
			baseConfigurationReference = 847E1C20127418069E73937E /* Pods-tokointest-tokointestUITests.debug.xcconfig */;
			buildSettings = {
				ALWAYS_EMBED_SWIFT_STANDARD_LIBRARIES = YES;
				CODE_SIGN_STYLE = Automatic;
				DEVELOPMENT_TEAM = TCL3H9D792;
				INFOPLIST_FILE = tokointestUITests/Info.plist;
				LD_RUNPATH_SEARCH_PATHS = (
					"$(inherited)",
					"@executable_path/Frameworks",
					"@loader_path/Frameworks",
				);
				PRODUCT_BUNDLE_IDENTIFIER = com.tamtran.tokointestUITests;
				PRODUCT_NAME = "$(TARGET_NAME)";
				SWIFT_VERSION = 5.0;
				TARGETED_DEVICE_FAMILY = "1,2";
				TEST_TARGET_NAME = tokointest;
			};
			name = Debug;
		};
		0E79393D24E397AD0001E8A7 /* Release */ = {
			isa = XCBuildConfiguration;
			baseConfigurationReference = 15E6932F838D21686BAD0543 /* Pods-tokointest-tokointestUITests.release.xcconfig */;
			buildSettings = {
				ALWAYS_EMBED_SWIFT_STANDARD_LIBRARIES = YES;
				CODE_SIGN_STYLE = Automatic;
				DEVELOPMENT_TEAM = TCL3H9D792;
				INFOPLIST_FILE = tokointestUITests/Info.plist;
				LD_RUNPATH_SEARCH_PATHS = (
					"$(inherited)",
					"@executable_path/Frameworks",
					"@loader_path/Frameworks",
				);
				PRODUCT_BUNDLE_IDENTIFIER = com.tamtran.tokointestUITests;
				PRODUCT_NAME = "$(TARGET_NAME)";
				SWIFT_VERSION = 5.0;
				TARGETED_DEVICE_FAMILY = "1,2";
				TEST_TARGET_NAME = tokointest;
			};
			name = Release;
		};
/* End XCBuildConfiguration section */

/* Begin XCConfigurationList section */
		0E79390424E397AB0001E8A7 /* Build configuration list for PBXProject "tokointest" */ = {
			isa = XCConfigurationList;
			buildConfigurations = (
				0E79393324E397AD0001E8A7 /* Debug */,
				0E79393424E397AD0001E8A7 /* Release */,
			);
			defaultConfigurationIsVisible = 0;
			defaultConfigurationName = Release;
		};
		0E79393524E397AD0001E8A7 /* Build configuration list for PBXNativeTarget "tokointest" */ = {
			isa = XCConfigurationList;
			buildConfigurations = (
				0E79393624E397AD0001E8A7 /* Debug */,
				0E79393724E397AD0001E8A7 /* Release */,
			);
			defaultConfigurationIsVisible = 0;
			defaultConfigurationName = Release;
		};
		0E79393824E397AD0001E8A7 /* Build configuration list for PBXNativeTarget "tokointestTests" */ = {
			isa = XCConfigurationList;
			buildConfigurations = (
				0E79393924E397AD0001E8A7 /* Debug */,
				0E79393A24E397AD0001E8A7 /* Release */,
			);
			defaultConfigurationIsVisible = 0;
			defaultConfigurationName = Release;
		};
		0E79393B24E397AD0001E8A7 /* Build configuration list for PBXNativeTarget "tokointestUITests" */ = {
			isa = XCConfigurationList;
			buildConfigurations = (
				0E79393C24E397AD0001E8A7 /* Debug */,
				0E79393D24E397AD0001E8A7 /* Release */,
			);
			defaultConfigurationIsVisible = 0;
			defaultConfigurationName = Release;
		};
/* End XCConfigurationList section */
	};
	rootObject = 0E79390124E397AB0001E8A7 /* Project object */;
}
